
Microsoft Visual Studio Solution File, Format Version 12.00
# Visual Studio 2017
Project("{FAE04EC0-301F-11D3-BF4B-00C04F79EFBC}") = "LifeSim.Player", "LifeSim.Player.csproj", "{3BD6F684-777B-4E86-8860-70BD92D78C32}"
EndProject
Global
	GlobalSection(SolutionConfigurationPlatforms) = preSolution
		Debug|Any CPU = Debug|Any CPU
		Release|Any CPU = Release|Any CPU
	EndGlobalSection
	GlobalSection(ProjectConfigurationPlatforms) = postSolution
		{3BD6F684-777B-4E86-8860-70BD92D78C32}.Debug|Any CPU.ActiveCfg = Debug|Any CPU
		{3BD6F684-777B-4E86-8860-70BD92D78C32}.Debug|Any CPU.Build.0 = Debug|Any CPU
		{3BD6F684-777B-4E86-8860-70BD92D78C32}.Release|Any CPU.ActiveCfg = Release|Any CPU
		{3BD6F684-777B-4E86-8860-70BD92D78C32}.Release|Any CPU.Build.0 = Release|Any CPU
	EndGlobalSection
EndGlobal
