
Microsoft Visual Studio Solution File, Format Version 12.00
# Visual Studio 15
VisualStudioVersion = 15.0.27428.2037
MinimumVisualStudioVersion = 10.0.40219.1
Project("{2150E333-8FDC-42A3-9474-1A3956D46DE8}") = "LifeSim.CLI", "LifeSim.CLI", "{5D0A6272-AB05-4DE5-8E7F-88271A04A878}"
EndProject
Project("{9A19103F-16F7-4668-BE54-9A1E7A4F7556}") = "LifeSim.StartUp", "LifeSim.StartUp\LifeSim.StartUp.csproj", "{04BFFEEE-1980-446F-8BF4-F62CD1FDA1BF}"
EndProject
Project("{2150E333-8FDC-42A3-9474-1A3956D46DE8}") = "LifeSim_V01_01", "LifeSim_V01_01", "{E2FFAC4C-1E6B-42B1-8E91-0CEB9ED16E98}"
EndProject
Project("{9A19103F-16F7-4668-BE54-9A1E7A4F7556}") = "LifeSim.Core", "LifeSim.Core\LifeSim.Core.csproj", "{30847968-C2D4-408D-A63D-B2F8D7B665E9}"
EndProject
Project("{2150E333-8FDC-42A3-9474-1A3956D46DE8}") = "LifeSim_V01_01.Tests", "LifeSim_V01_01.Tests", "{7B3A7819-8A0E-47EF-B5A0-F6199BB8C9D3}"
EndProject
Global
	GlobalSection(SolutionConfigurationPlatforms) = preSolution
		Debug|Any CPU = Debug|Any CPU
		Release|Any CPU = Release|Any CPU
	EndGlobalSection
	GlobalSection(ProjectConfigurationPlatforms) = postSolution
		{04BFFEEE-1980-446F-8BF4-F62CD1FDA1BF}.Debug|Any CPU.ActiveCfg = Debug|Any CPU
		{04BFFEEE-1980-446F-8BF4-F62CD1FDA1BF}.Debug|Any CPU.Build.0 = Debug|Any CPU
		{04BFFEEE-1980-446F-8BF4-F62CD1FDA1BF}.Release|Any CPU.ActiveCfg = Release|Any CPU
		{04BFFEEE-1980-446F-8BF4-F62CD1FDA1BF}.Release|Any CPU.Build.0 = Release|Any CPU
		{30847968-C2D4-408D-A63D-B2F8D7B665E9}.Debug|Any CPU.ActiveCfg = Debug|Any CPU
		{30847968-C2D4-408D-A63D-B2F8D7B665E9}.Debug|Any CPU.Build.0 = Debug|Any CPU
		{30847968-C2D4-408D-A63D-B2F8D7B665E9}.Release|Any CPU.ActiveCfg = Release|Any CPU
		{30847968-C2D4-408D-A63D-B2F8D7B665E9}.Release|Any CPU.Build.0 = Release|Any CPU
	EndGlobalSection
	GlobalSection(SolutionProperties) = preSolution
		HideSolutionNode = FALSE
	EndGlobalSection
	GlobalSection(NestedProjects) = preSolution
		{04BFFEEE-1980-446F-8BF4-F62CD1FDA1BF} = {5D0A6272-AB05-4DE5-8E7F-88271A04A878}
		{30847968-C2D4-408D-A63D-B2F8D7B665E9} = {E2FFAC4C-1E6B-42B1-8E91-0CEB9ED16E98}
	EndGlobalSection
	GlobalSection(ExtensibilityGlobals) = postSolution
		SolutionGuid = {FE917D71-070B-4E13-A545-1FACE75697AF}
	EndGlobalSection
EndGlobal
