Microsoft Visual Studio Solution File, Format Version 12.00
# Visual Studio 15
VisualStudioVersion = 15.0.27428.2037
MinimumVisualStudioVersion = 10.0.40219.1
Project("{2150E333-8FDC-42A3-9474-1A3956D46DE8}") = "LifeSim.CLI", "LifeSim.CLI", "{5D0A6272-AB05-4DE5-8E7F-88271A04A878}"
EndProject
Project("{2150E333-8FDC-42A3-9474-1A3956D46DE8}") = "LifeSim", "LifeSim", "{E2FFAC4C-1E6B-42B1-8E91-0CEB9ED16E98}"
EndProject
Project("{9A19103F-16F7-4668-BE54-9A1E7A4F7556}") = "LifeSim.Establishments", "LifeSim.Establishments\LifeSim.Establishments.csproj", "{D24721B4-68C2-427A-99D9-C9CCEFCE222A}"
EndProject
Project("{9A19103F-16F7-4668-BE54-9A1E7A4F7556}") = "LifeSim.Player", "LifeSim.Player\LifeSim.Player.csproj", "{6CC3F442-4AE8-4007-8E91-5DFD88D00176}"
EndProject
Project("{9A19103F-16F7-4668-BE54-9A1E7A4F7556}") = "LifeSim.Startup", "LifeSim.Startup\LifeSim.Startup.csproj", "{0C64FE24-FB0E-479D-BE46-8D2E9CAFCEA6}"
EndProject
Project("{9A19103F-16F7-4668-BE54-9A1E7A4F7556}") = "LifeSim.Core", "LifeSim.Core\LifeSim.Core.csproj", "{DE51433D-43D8-4CCD-A100-3D0B837E64FE}"
EndProject
Project("{9A19103F-16F7-4668-BE54-9A1E7A4F7556}") = "LifeSim.Exceptions", "LifeSim.Exceptions\LifeSim.Exceptions.csproj", "{20499D02-8478-4BE1-8B9B-B491F76B7CA2}"
EndProject
Project("{9A19103F-16F7-4668-BE54-9A1E7A4F7556}") = "LifeSim.Logger", "LifeSim.Logger\LifeSim.Logger.csproj", "{D49598E9-B885-4AC4-ACA2-3B2DD7A5F22C}"
EndProject
Project("{9A19103F-16F7-4668-BE54-9A1E7A4F7556}") = "LifeSim.Tests", "LifeSim.Tests\LifeSim.Tests.csproj", "{A55BF44B-1C46-4211-AB8F-2944689B4D3D}"
EndProject
Project("{2150E333-8FDC-42A3-9474-1A3956D46DE8}") = "LifeSim.Clien", "LifeSim.Clien", "{E5FE70A4-6182-4501-8B7D-BBE6E6E23286}"
EndProject
Project("{FAE04EC0-301F-11D3-BF4B-00C04F79EFBC}") = "LifeSim.IoContainer.CLI", "LifeSim.IoContainer.CLI\LifeSim.IoContainer.CLI.csproj", "{5CCAF4C1-04BD-4C6A-AE64-A210C3CAB03B}"
EndProject
Global
	GlobalSection(SolutionConfigurationPlatforms) = preSolution
		Debug|Any CPU = Debug|Any CPU
		Release|Any CPU = Release|Any CPU
	EndGlobalSection
	GlobalSection(ProjectConfigurationPlatforms) = postSolution
		{D24721B4-68C2-427A-99D9-C9CCEFCE222A}.Debug|Any CPU.ActiveCfg = Debug|Any CPU
		{D24721B4-68C2-427A-99D9-C9CCEFCE222A}.Debug|Any CPU.Build.0 = Debug|Any CPU
		{D24721B4-68C2-427A-99D9-C9CCEFCE222A}.Release|Any CPU.ActiveCfg = Release|Any CPU
		{D24721B4-68C2-427A-99D9-C9CCEFCE222A}.Release|Any CPU.Build.0 = Release|Any CPU
		{6CC3F442-4AE8-4007-8E91-5DFD88D00176}.Debug|Any CPU.ActiveCfg = Debug|Any CPU
		{6CC3F442-4AE8-4007-8E91-5DFD88D00176}.Debug|Any CPU.Build.0 = Debug|Any CPU
		{6CC3F442-4AE8-4007-8E91-5DFD88D00176}.Release|Any CPU.ActiveCfg = Release|Any CPU
		{6CC3F442-4AE8-4007-8E91-5DFD88D00176}.Release|Any CPU.Build.0 = Release|Any CPU
		{0C64FE24-FB0E-479D-BE46-8D2E9CAFCEA6}.Debug|Any CPU.ActiveCfg = Debug|Any CPU
		{0C64FE24-FB0E-479D-BE46-8D2E9CAFCEA6}.Debug|Any CPU.Build.0 = Debug|Any CPU
		{0C64FE24-FB0E-479D-BE46-8D2E9CAFCEA6}.Release|Any CPU.ActiveCfg = Release|Any CPU
		{0C64FE24-FB0E-479D-BE46-8D2E9CAFCEA6}.Release|Any CPU.Build.0 = Release|Any CPU
		{DE51433D-43D8-4CCD-A100-3D0B837E64FE}.Debug|Any CPU.ActiveCfg = Debug|Any CPU
		{DE51433D-43D8-4CCD-A100-3D0B837E64FE}.Debug|Any CPU.Build.0 = Debug|Any CPU
		{DE51433D-43D8-4CCD-A100-3D0B837E64FE}.Release|Any CPU.ActiveCfg = Release|Any CPU
		{DE51433D-43D8-4CCD-A100-3D0B837E64FE}.Release|Any CPU.Build.0 = Release|Any CPU
		{20499D02-8478-4BE1-8B9B-B491F76B7CA2}.Debug|Any CPU.ActiveCfg = Debug|Any CPU
		{20499D02-8478-4BE1-8B9B-B491F76B7CA2}.Debug|Any CPU.Build.0 = Debug|Any CPU
		{20499D02-8478-4BE1-8B9B-B491F76B7CA2}.Release|Any CPU.ActiveCfg = Release|Any CPU
		{20499D02-8478-4BE1-8B9B-B491F76B7CA2}.Release|Any CPU.Build.0 = Release|Any CPU
		{D49598E9-B885-4AC4-ACA2-3B2DD7A5F22C}.Debug|Any CPU.ActiveCfg = Debug|Any CPU
		{D49598E9-B885-4AC4-ACA2-3B2DD7A5F22C}.Debug|Any CPU.Build.0 = Debug|Any CPU
		{D49598E9-B885-4AC4-ACA2-3B2DD7A5F22C}.Release|Any CPU.ActiveCfg = Release|Any CPU
		{D49598E9-B885-4AC4-ACA2-3B2DD7A5F22C}.Release|Any CPU.Build.0 = Release|Any CPU
		{A55BF44B-1C46-4211-AB8F-2944689B4D3D}.Debug|Any CPU.ActiveCfg = Debug|Any CPU
		{A55BF44B-1C46-4211-AB8F-2944689B4D3D}.Debug|Any CPU.Build.0 = Debug|Any CPU
		{A55BF44B-1C46-4211-AB8F-2944689B4D3D}.Release|Any CPU.ActiveCfg = Release|Any CPU
		{A55BF44B-1C46-4211-AB8F-2944689B4D3D}.Release|Any CPU.Build.0 = Release|Any CPU
		{5CCAF4C1-04BD-4C6A-AE64-A210C3CAB03B}.Debug|Any CPU.ActiveCfg = Debug|Any CPU
		{5CCAF4C1-04BD-4C6A-AE64-A210C3CAB03B}.Debug|Any CPU.Build.0 = Debug|Any CPU
		{5CCAF4C1-04BD-4C6A-AE64-A210C3CAB03B}.Release|Any CPU.ActiveCfg = Release|Any CPU
		{5CCAF4C1-04BD-4C6A-AE64-A210C3CAB03B}.Release|Any CPU.Build.0 = Release|Any CPU
	EndGlobalSection
	GlobalSection(SolutionProperties) = preSolution
		HideSolutionNode = FALSE
	EndGlobalSection
	GlobalSection(NestedProjects) = preSolution
		{D24721B4-68C2-427A-99D9-C9CCEFCE222A} = {E2FFAC4C-1E6B-42B1-8E91-0CEB9ED16E98}
		{6CC3F442-4AE8-4007-8E91-5DFD88D00176} = {E2FFAC4C-1E6B-42B1-8E91-0CEB9ED16E98}
		{0C64FE24-FB0E-479D-BE46-8D2E9CAFCEA6} = {5D0A6272-AB05-4DE5-8E7F-88271A04A878}
		{DE51433D-43D8-4CCD-A100-3D0B837E64FE} = {E2FFAC4C-1E6B-42B1-8E91-0CEB9ED16E98}
		{20499D02-8478-4BE1-8B9B-B491F76B7CA2} = {E2FFAC4C-1E6B-42B1-8E91-0CEB9ED16E98}
		{D49598E9-B885-4AC4-ACA2-3B2DD7A5F22C} = {E2FFAC4C-1E6B-42B1-8E91-0CEB9ED16E98}
		{A55BF44B-1C46-4211-AB8F-2944689B4D3D} = {E2FFAC4C-1E6B-42B1-8E91-0CEB9ED16E98}
		{5CCAF4C1-04BD-4C6A-AE64-A210C3CAB03B} = {E5FE70A4-6182-4501-8B7D-BBE6E6E23286}
	EndGlobalSection
	GlobalSection(ExtensibilityGlobals) = postSolution
		SolutionGuid = {FE917D71-070B-4E13-A545-1FACE75697AF}
	EndGlobalSection
EndGlobal
